// !$*UTF8*$!
{
	archiveVersion = 1;
	classes = {
	};
	objectVersion = 56;
	objects = {

/* Begin PBXBuildFile section */
		9D869C74291D02890095EEB9 /* HttpClients_Hosting.h in Headers */ = {isa = PBXBuildFile; fileRef = 9D869C73291D02890095EEB9 /* HttpClients_Hosting.h */; settings = {ATTRIBUTES = (Public, ); }; };
		9D95567B291D03A2007B21D6 /* Hosting.framework in Frameworks */ = {isa = PBXBuildFile; fileRef = 9D955678291D03A2007B21D6 /* Hosting.framework */; };
		9D95567C291D03A2007B21D6 /* Hosting.framework in Embed Frameworks */ = {isa = PBXBuildFile; fileRef = 9D955678291D03A2007B21D6 /* Hosting.framework */; settings = {ATTRIBUTES = (CodeSignOnCopy, RemoveHeadersOnCopy, ); }; };
		9D95567D291D03A2007B21D6 /* HttpClients_Core.framework in Frameworks */ = {isa = PBXBuildFile; fileRef = 9D955679291D03A2007B21D6 /* HttpClients_Core.framework */; };
		9D95567E291D03A2007B21D6 /* HttpClients_Core.framework in Embed Frameworks */ = {isa = PBXBuildFile; fileRef = 9D955679291D03A2007B21D6 /* HttpClients_Core.framework */; settings = {ATTRIBUTES = (CodeSignOnCopy, RemoveHeadersOnCopy, ); }; };
		9D95567F291D03A2007B21D6 /* HttpClients_Rest.framework in Frameworks */ = {isa = PBXBuildFile; fileRef = 9D95567A291D03A2007B21D6 /* HttpClients_Rest.framework */; };
		9D955680291D03A2007B21D6 /* HttpClients_Rest.framework in Embed Frameworks */ = {isa = PBXBuildFile; fileRef = 9D95567A291D03A2007B21D6 /* HttpClients_Rest.framework */; settings = {ATTRIBUTES = (CodeSignOnCopy, RemoveHeadersOnCopy, ); }; };
		9D95568A291D0461007B21D6 /* HttpClientFactory.swift in Sources */ = {isa = PBXBuildFile; fileRef = 9D955689291D0461007B21D6 /* HttpClientFactory.swift */; };
/* End PBXBuildFile section */

/* Begin PBXCopyFilesBuildPhase section */
		9D955681291D03A2007B21D6 /* Embed Frameworks */ = {
			isa = PBXCopyFilesBuildPhase;
			buildActionMask = 2147483647;
			dstPath = "";
			dstSubfolderSpec = 10;
			files = (
				9D95567E291D03A2007B21D6 /* HttpClients_Core.framework in Embed Frameworks */,
				9D955680291D03A2007B21D6 /* HttpClients_Rest.framework in Embed Frameworks */,
				9D95567C291D03A2007B21D6 /* Hosting.framework in Embed Frameworks */,
			);
			name = "Embed Frameworks";
			runOnlyForDeploymentPostprocessing = 0;
		};
/* End PBXCopyFilesBuildPhase section */

/* Begin PBXFileReference section */
		9D869C70291D02890095EEB9 /* HttpClients_Hosting.framework */ = {isa = PBXFileReference; explicitFileType = wrapper.framework; includeInIndex = 0; path = HttpClients_Hosting.framework; sourceTree = BUILT_PRODUCTS_DIR; };
		9D869C73291D02890095EEB9 /* HttpClients_Hosting.h */ = {isa = PBXFileReference; lastKnownFileType = sourcecode.c.h; path = HttpClients_Hosting.h; sourceTree = "<group>"; };
		9D955678291D03A2007B21D6 /* Hosting.framework */ = {isa = PBXFileReference; explicitFileType = wrapper.framework; path = Hosting.framework; sourceTree = BUILT_PRODUCTS_DIR; };
		9D955679291D03A2007B21D6 /* HttpClients_Core.framework */ = {isa = PBXFileReference; explicitFileType = wrapper.framework; path = HttpClients_Core.framework; sourceTree = BUILT_PRODUCTS_DIR; };
		9D95567A291D03A2007B21D6 /* HttpClients_Rest.framework */ = {isa = PBXFileReference; explicitFileType = wrapper.framework; path = HttpClients_Rest.framework; sourceTree = BUILT_PRODUCTS_DIR; };
		9D955689291D0461007B21D6 /* HttpClientFactory.swift */ = {isa = PBXFileReference; lastKnownFileType = sourcecode.swift; path = HttpClientFactory.swift; sourceTree = "<group>"; };
/* End PBXFileReference section */

/* Begin PBXFrameworksBuildPhase section */
		9D869C6D291D02890095EEB9 /* Frameworks */ = {
			isa = PBXFrameworksBuildPhase;
			buildActionMask = 2147483647;
			files = (
				9D95567D291D03A2007B21D6 /* HttpClients_Core.framework in Frameworks */,
				9D95567F291D03A2007B21D6 /* HttpClients_Rest.framework in Frameworks */,
				9D95567B291D03A2007B21D6 /* Hosting.framework in Frameworks */,
			);
			runOnlyForDeploymentPostprocessing = 0;
		};
/* End PBXFrameworksBuildPhase section */

/* Begin PBXGroup section */
		9D869C66291D02890095EEB9 = {
			isa = PBXGroup;
			children = (
				9D869C72291D02890095EEB9 /* HttpClients.Hosting */,
				9D869C71291D02890095EEB9 /* Products */,
				9D955677291D03A2007B21D6 /* Frameworks */,
			);
			sourceTree = "<group>";
		};
		9D869C71291D02890095EEB9 /* Products */ = {
			isa = PBXGroup;
			children = (
				9D869C70291D02890095EEB9 /* HttpClients_Hosting.framework */,
			);
			name = Products;
			sourceTree = "<group>";
		};
		9D869C72291D02890095EEB9 /* HttpClients.Hosting */ = {
			isa = PBXGroup;
			children = (
				9D955689291D0461007B21D6 /* HttpClientFactory.swift */,
				9D869C73291D02890095EEB9 /* HttpClients_Hosting.h */,
			);
			path = HttpClients.Hosting;
			sourceTree = "<group>";
		};
		9D955677291D03A2007B21D6 /* Frameworks */ = {
			isa = PBXGroup;
			children = (
				9D955678291D03A2007B21D6 /* Hosting.framework */,
				9D955679291D03A2007B21D6 /* HttpClients_Core.framework */,
				9D95567A291D03A2007B21D6 /* HttpClients_Rest.framework */,
			);
			name = Frameworks;
			sourceTree = "<group>";
		};
/* End PBXGroup section */

/* Begin PBXHeadersBuildPhase section */
		9D869C6B291D02890095EEB9 /* Headers */ = {
			isa = PBXHeadersBuildPhase;
			buildActionMask = 2147483647;
			files = (
				9D869C74291D02890095EEB9 /* HttpClients_Hosting.h in Headers */,
			);
			runOnlyForDeploymentPostprocessing = 0;
		};
/* End PBXHeadersBuildPhase section */

/* Begin PBXNativeTarget section */
		9D869C6F291D02890095EEB9 /* HttpClients.Hosting */ = {
			isa = PBXNativeTarget;
			buildConfigurationList = 9D869C77291D02890095EEB9 /* Build configuration list for PBXNativeTarget "HttpClients.Hosting" */;
			buildPhases = (
				9D869C6B291D02890095EEB9 /* Headers */,
				9D869C6C291D02890095EEB9 /* Sources */,
				9D869C6D291D02890095EEB9 /* Frameworks */,
				9D869C6E291D02890095EEB9 /* Resources */,
				9D955681291D03A2007B21D6 /* Embed Frameworks */,
			);
			buildRules = (
			);
			dependencies = (
			);
			name = HttpClients.Hosting;
			productName = HttpClients.Hosting;
			productReference = 9D869C70291D02890095EEB9 /* HttpClients_Hosting.framework */;
			productType = "com.apple.product-type.framework";
		};
/* End PBXNativeTarget section */

/* Begin PBXProject section */
		9D869C67291D02890095EEB9 /* Project object */ = {
			isa = PBXProject;
			attributes = {
				BuildIndependentTargetsInParallel = 1;
				LastUpgradeCheck = 1400;
				TargetAttributes = {
					9D869C6F291D02890095EEB9 = {
						CreatedOnToolsVersion = 14.0;
						LastSwiftMigration = 1400;
					};
				};
			};
			buildConfigurationList = 9D869C6A291D02890095EEB9 /* Build configuration list for PBXProject "HttpClients.Hosting" */;
			compatibilityVersion = "Xcode 14.0";
			developmentRegion = en;
			hasScannedForEncodings = 0;
			knownRegions = (
				en,
				Base,
			);
			mainGroup = 9D869C66291D02890095EEB9;
			productRefGroup = 9D869C71291D02890095EEB9 /* Products */;
			projectDirPath = "";
			projectRoot = "";
			targets = (
				9D869C6F291D02890095EEB9 /* HttpClients.Hosting */,
			);
		};
/* End PBXProject section */

/* Begin PBXResourcesBuildPhase section */
		9D869C6E291D02890095EEB9 /* Resources */ = {
			isa = PBXResourcesBuildPhase;
			buildActionMask = 2147483647;
			files = (
			);
			runOnlyForDeploymentPostprocessing = 0;
		};
/* End PBXResourcesBuildPhase section */

/* Begin PBXSourcesBuildPhase section */
		9D869C6C291D02890095EEB9 /* Sources */ = {
			isa = PBXSourcesBuildPhase;
			buildActionMask = 2147483647;
			files = (
				9D95568A291D0461007B21D6 /* HttpClientFactory.swift in Sources */,
			);
			runOnlyForDeploymentPostprocessing = 0;
		};
/* End PBXSourcesBuildPhase section */

/* Begin XCBuildConfiguration section */
		9D869C75291D02890095EEB9 /* Debug */ = {
			isa = XCBuildConfiguration;
			buildSettings = {
				ALWAYS_SEARCH_USER_PATHS = NO;
				CLANG_ANALYZER_NONNULL = YES;
				CLANG_ANALYZER_NUMBER_OBJECT_CONVERSION = YES_AGGRESSIVE;
				CLANG_CXX_LANGUAGE_STANDARD = "gnu++20";
				CLANG_ENABLE_MODULES = YES;
				CLANG_ENABLE_OBJC_ARC = YES;
				CLANG_ENABLE_OBJC_WEAK = YES;
				CLANG_WARN_BLOCK_CAPTURE_AUTORELEASING = YES;
				CLANG_WARN_BOOL_CONVERSION = YES;
				CLANG_WARN_COMMA = YES;
				CLANG_WARN_CONSTANT_CONVERSION = YES;
				CLANG_WARN_DEPRECATED_OBJC_IMPLEMENTATIONS = YES;
				CLANG_WARN_DIRECT_OBJC_ISA_USAGE = YES_ERROR;
				CLANG_WARN_DOCUMENTATION_COMMENTS = YES;
				CLANG_WARN_EMPTY_BODY = YES;
				CLANG_WARN_ENUM_CONVERSION = YES;
				CLANG_WARN_INFINITE_RECURSION = YES;
				CLANG_WARN_INT_CONVERSION = YES;
				CLANG_WARN_NON_LITERAL_NULL_CONVERSION = YES;
				CLANG_WARN_OBJC_IMPLICIT_RETAIN_SELF = YES;
				CLANG_WARN_OBJC_LITERAL_CONVERSION = YES;
				CLANG_WARN_OBJC_ROOT_CLASS = YES_ERROR;
				CLANG_WARN_QUOTED_INCLUDE_IN_FRAMEWORK_HEADER = YES;
				CLANG_WARN_RANGE_LOOP_ANALYSIS = YES;
				CLANG_WARN_STRICT_PROTOTYPES = YES;
				CLANG_WARN_SUSPICIOUS_MOVE = YES;
				CLANG_WARN_UNGUARDED_AVAILABILITY = YES_AGGRESSIVE;
				CLANG_WARN_UNREACHABLE_CODE = YES;
				CLANG_WARN__DUPLICATE_METHOD_MATCH = YES;
				COPY_PHASE_STRIP = NO;
				CURRENT_PROJECT_VERSION = 1;
				DEBUG_INFORMATION_FORMAT = dwarf;
				ENABLE_STRICT_OBJC_MSGSEND = YES;
				ENABLE_TESTABILITY = YES;
				GCC_C_LANGUAGE_STANDARD = gnu11;
				GCC_DYNAMIC_NO_PIC = NO;
				GCC_NO_COMMON_BLOCKS = YES;
				GCC_OPTIMIZATION_LEVEL = 0;
				GCC_PREPROCESSOR_DEFINITIONS = (
					"DEBUG=1",
					"$(inherited)",
				);
				GCC_WARN_64_TO_32_BIT_CONVERSION = YES;
				GCC_WARN_ABOUT_RETURN_TYPE = YES_ERROR;
				GCC_WARN_UNDECLARED_SELECTOR = YES;
				GCC_WARN_UNINITIALIZED_AUTOS = YES_AGGRESSIVE;
				GCC_WARN_UNUSED_FUNCTION = YES;
				GCC_WARN_UNUSED_VARIABLE = YES;
				IPHONEOS_DEPLOYMENT_TARGET = 16.0;
				MTL_ENABLE_DEBUG_INFO = INCLUDE_SOURCE;
				MTL_FAST_MATH = YES;
				ONLY_ACTIVE_ARCH = YES;
				SDKROOT = iphoneos;
				SWIFT_ACTIVE_COMPILATION_CONDITIONS = DEBUG;
				SWIFT_OPTIMIZATION_LEVEL = "-Onone";
				VERSIONING_SYSTEM = "apple-generic";
				VERSION_INFO_PREFIX = "";
			};
			name = Debug;
		};
		9D869C76291D02890095EEB9 /* Release */ = {
			isa = XCBuildConfiguration;
			buildSettings = {
				ALWAYS_SEARCH_USER_PATHS = NO;
				CLANG_ANALYZER_NONNULL = YES;
				CLANG_ANALYZER_NUMBER_OBJECT_CONVERSION = YES_AGGRESSIVE;
				CLANG_CXX_LANGUAGE_STANDARD = "gnu++20";
				CLANG_ENABLE_MODULES = YES;
				CLANG_ENABLE_OBJC_ARC = YES;
				CLANG_ENABLE_OBJC_WEAK = YES;
				CLANG_WARN_BLOCK_CAPTURE_AUTORELEASING = YES;
				CLANG_WARN_BOOL_CONVERSION = YES;
				CLANG_WARN_COMMA = YES;
				CLANG_WARN_CONSTANT_CONVERSION = YES;
				CLANG_WARN_DEPRECATED_OBJC_IMPLEMENTATIONS = YES;
				CLANG_WARN_DIRECT_OBJC_ISA_USAGE = YES_ERROR;
				CLANG_WARN_DOCUMENTATION_COMMENTS = YES;
				CLANG_WARN_EMPTY_BODY = YES;
				CLANG_WARN_ENUM_CONVERSION = YES;
				CLANG_WARN_INFINITE_RECURSION = YES;
				CLANG_WARN_INT_CONVERSION = YES;
				CLANG_WARN_NON_LITERAL_NULL_CONVERSION = YES;
				CLANG_WARN_OBJC_IMPLICIT_RETAIN_SELF = YES;
				CLANG_WARN_OBJC_LITERAL_CONVERSION = YES;
				CLANG_WARN_OBJC_ROOT_CLASS = YES_ERROR;
				CLANG_WARN_QUOTED_INCLUDE_IN_FRAMEWORK_HEADER = YES;
				CLANG_WARN_RANGE_LOOP_ANALYSIS = YES;
				CLANG_WARN_STRICT_PROTOTYPES = YES;
				CLANG_WARN_SUSPICIOUS_MOVE = YES;
				CLANG_WARN_UNGUARDED_AVAILABILITY = YES_AGGRESSIVE;
				CLANG_WARN_UNREACHABLE_CODE = YES;
				CLANG_WARN__DUPLICATE_METHOD_MATCH = YES;
				COPY_PHASE_STRIP = NO;
				CURRENT_PROJECT_VERSION = 1;
				DEBUG_INFORMATION_FORMAT = "dwarf-with-dsym";
				ENABLE_NS_ASSERTIONS = NO;
				ENABLE_STRICT_OBJC_MSGSEND = YES;
				GCC_C_LANGUAGE_STANDARD = gnu11;
				GCC_NO_COMMON_BLOCKS = YES;
				GCC_WARN_64_TO_32_BIT_CONVERSION = YES;
				GCC_WARN_ABOUT_RETURN_TYPE = YES_ERROR;
				GCC_WARN_UNDECLARED_SELECTOR = YES;
				GCC_WARN_UNINITIALIZED_AUTOS = YES_AGGRESSIVE;
				GCC_WARN_UNUSED_FUNCTION = YES;
				GCC_WARN_UNUSED_VARIABLE = YES;
				IPHONEOS_DEPLOYMENT_TARGET = 16.0;
				MTL_ENABLE_DEBUG_INFO = NO;
				MTL_FAST_MATH = YES;
				SDKROOT = iphoneos;
				SWIFT_COMPILATION_MODE = wholemodule;
				SWIFT_OPTIMIZATION_LEVEL = "-O";
				VALIDATE_PRODUCT = YES;
				VERSIONING_SYSTEM = "apple-generic";
				VERSION_INFO_PREFIX = "";
			};
			name = Release;
		};
		9D869C78291D02890095EEB9 /* Debug */ = {
			isa = XCBuildConfiguration;
			buildSettings = {
				CLANG_ENABLE_MODULES = YES;
				CODE_SIGN_STYLE = Automatic;
				CURRENT_PROJECT_VERSION = 1;
				DEFINES_MODULE = YES;
				DEVELOPMENT_TEAM = DZJDGXKN9N;
				DYLIB_COMPATIBILITY_VERSION = 1;
				DYLIB_CURRENT_VERSION = 1;
				DYLIB_INSTALL_NAME_BASE = "@rpath";
				GENERATE_INFOPLIST_FILE = YES;
				INFOPLIST_KEY_NSHumanReadableCopyright = "";
				INSTALL_PATH = "$(LOCAL_LIBRARY_DIR)/Frameworks";
				LD_RUNPATH_SEARCH_PATHS = (
					"$(inherited)",
					"@executable_path/Frameworks",
					"@loader_path/Frameworks",
				);
				MARKETING_VERSION = 1.0;
				PRODUCT_BUNDLE_IDENTIFIER = "com.irvinghuang.HttpClients-Hosting";
				PRODUCT_NAME = "$(TARGET_NAME:c99extidentifier)";
				SKIP_INSTALL = YES;
				SWIFT_EMIT_LOC_STRINGS = YES;
				SWIFT_OPTIMIZATION_LEVEL = "-Onone";
				SWIFT_VERSION = 5.0;
				TARGETED_DEVICE_FAMILY = "1,2";
			};
			name = Debug;
		};
		9D869C79291D02890095EEB9 /* Release */ = {
			isa = XCBuildConfiguration;
			buildSettings = {
				CLANG_ENABLE_MODULES = YES;
				CODE_SIGN_STYLE = Automatic;
				CURRENT_PROJECT_VERSION = 1;
				DEFINES_MODULE = YES;
				DEVELOPMENT_TEAM = DZJDGXKN9N;
				DYLIB_COMPATIBILITY_VERSION = 1;
				DYLIB_CURRENT_VERSION = 1;
				DYLIB_INSTALL_NAME_BASE = "@rpath";
				GENERATE_INFOPLIST_FILE = YES;
				INFOPLIST_KEY_NSHumanReadableCopyright = "";
				INSTALL_PATH = "$(LOCAL_LIBRARY_DIR)/Frameworks";
				LD_RUNPATH_SEARCH_PATHS = (
					"$(inherited)",
					"@executable_path/Frameworks",
					"@loader_path/Frameworks",
				);
				MARKETING_VERSION = 1.0;
				PRODUCT_BUNDLE_IDENTIFIER = "com.irvinghuang.HttpClients-Hosting";
				PRODUCT_NAME = "$(TARGET_NAME:c99extidentifier)";
				SKIP_INSTALL = YES;
				SWIFT_EMIT_LOC_STRINGS = YES;
				SWIFT_VERSION = 5.0;
				TARGETED_DEVICE_FAMILY = "1,2";
			};
			name = Release;
		};
/* End XCBuildConfiguration section */

/* Begin XCConfigurationList section */
		9D869C6A291D02890095EEB9 /* Build configuration list for PBXProject "HttpClients.Hosting" */ = {
			isa = XCConfigurationList;
			buildConfigurations = (
				9D869C75291D02890095EEB9 /* Debug */,
				9D869C76291D02890095EEB9 /* Release */,
			);
			defaultConfigurationIsVisible = 0;
			defaultConfigurationName = Release;
		};
		9D869C77291D02890095EEB9 /* Build configuration list for PBXNativeTarget "HttpClients.Hosting" */ = {
			isa = XCConfigurationList;
			buildConfigurations = (
				9D869C78291D02890095EEB9 /* Debug */,
				9D869C79291D02890095EEB9 /* Release */,
			);
			defaultConfigurationIsVisible = 0;
			defaultConfigurationName = Release;
		};
/* End XCConfigurationList section */
	};
	rootObject = 9D869C67291D02890095EEB9 /* Project object */;
}
