// !$*UTF8*$!
{
	archiveVersion = 1;
	classes = {
	};
	objectVersion = 56;
	objects = {

/* Begin PBXBuildFile section */
		9D869BF6291CDC120095EEB9 /* Customers_Hosting.h in Headers */ = {isa = PBXBuildFile; fileRef = 9D869BF5291CDC120095EEB9 /* Customers_Hosting.h */; settings = {ATTRIBUTES = (Public, ); }; };
		9D869C31291CE0870095EEB9 /* Customers_Access.framework in Frameworks */ = {isa = PBXBuildFile; fileRef = 9D869C2E291CE0870095EEB9 /* Customers_Access.framework */; };
		9D869C32291CE0870095EEB9 /* Customers_Access.framework in Embed Frameworks */ = {isa = PBXBuildFile; fileRef = 9D869C2E291CE0870095EEB9 /* Customers_Access.framework */; settings = {ATTRIBUTES = (CodeSignOnCopy, RemoveHeadersOnCopy, ); }; };
		9D869C33291CE0870095EEB9 /* Customers_Core.framework in Frameworks */ = {isa = PBXBuildFile; fileRef = 9D869C2F291CE0870095EEB9 /* Customers_Core.framework */; };
		9D869C34291CE0870095EEB9 /* Customers_Core.framework in Embed Frameworks */ = {isa = PBXBuildFile; fileRef = 9D869C2F291CE0870095EEB9 /* Customers_Core.framework */; settings = {ATTRIBUTES = (CodeSignOnCopy, RemoveHeadersOnCopy, ); }; };
		9D869C35291CE0870095EEB9 /* Hosting.framework in Frameworks */ = {isa = PBXBuildFile; fileRef = 9D869C30291CE0870095EEB9 /* Hosting.framework */; };
		9D869C36291CE0870095EEB9 /* Hosting.framework in Embed Frameworks */ = {isa = PBXBuildFile; fileRef = 9D869C30291CE0870095EEB9 /* Hosting.framework */; settings = {ATTRIBUTES = (CodeSignOnCopy, RemoveHeadersOnCopy, ); }; };
		9D869C40291CE4030095EEB9 /* CustomerFactory.swift in Sources */ = {isa = PBXBuildFile; fileRef = 9D869C3F291CE4030095EEB9 /* CustomerFactory.swift */; };
/* End PBXBuildFile section */

/* Begin PBXCopyFilesBuildPhase section */
		9D869C37291CE0870095EEB9 /* Embed Frameworks */ = {
			isa = PBXCopyFilesBuildPhase;
			buildActionMask = 2147483647;
			dstPath = "";
			dstSubfolderSpec = 10;
			files = (
				9D869C36291CE0870095EEB9 /* Hosting.framework in Embed Frameworks */,
				9D869C32291CE0870095EEB9 /* Customers_Access.framework in Embed Frameworks */,
				9D869C34291CE0870095EEB9 /* Customers_Core.framework in Embed Frameworks */,
			);
			name = "Embed Frameworks";
			runOnlyForDeploymentPostprocessing = 0;
		};
/* End PBXCopyFilesBuildPhase section */

/* Begin PBXFileReference section */
		9D869BF2291CDC120095EEB9 /* Customers_Hosting.framework */ = {isa = PBXFileReference; explicitFileType = wrapper.framework; includeInIndex = 0; path = Customers_Hosting.framework; sourceTree = BUILT_PRODUCTS_DIR; };
		9D869BF5291CDC120095EEB9 /* Customers_Hosting.h */ = {isa = PBXFileReference; lastKnownFileType = sourcecode.c.h; path = Customers_Hosting.h; sourceTree = "<group>"; };
		9D869C2E291CE0870095EEB9 /* Customers_Access.framework */ = {isa = PBXFileReference; explicitFileType = wrapper.framework; path = Customers_Access.framework; sourceTree = BUILT_PRODUCTS_DIR; };
		9D869C2F291CE0870095EEB9 /* Customers_Core.framework */ = {isa = PBXFileReference; explicitFileType = wrapper.framework; path = Customers_Core.framework; sourceTree = BUILT_PRODUCTS_DIR; };
		9D869C30291CE0870095EEB9 /* Hosting.framework */ = {isa = PBXFileReference; explicitFileType = wrapper.framework; path = Hosting.framework; sourceTree = BUILT_PRODUCTS_DIR; };
		9D869C3F291CE4030095EEB9 /* CustomerFactory.swift */ = {isa = PBXFileReference; lastKnownFileType = sourcecode.swift; path = CustomerFactory.swift; sourceTree = "<group>"; };
/* End PBXFileReference section */

/* Begin PBXFrameworksBuildPhase section */
		9D869BEF291CDC120095EEB9 /* Frameworks */ = {
			isa = PBXFrameworksBuildPhase;
			buildActionMask = 2147483647;
			files = (
				9D869C35291CE0870095EEB9 /* Hosting.framework in Frameworks */,
				9D869C31291CE0870095EEB9 /* Customers_Access.framework in Frameworks */,
				9D869C33291CE0870095EEB9 /* Customers_Core.framework in Frameworks */,
			);
			runOnlyForDeploymentPostprocessing = 0;
		};
/* End PBXFrameworksBuildPhase section */

/* Begin PBXGroup section */
		9D869BE8291CDC120095EEB9 = {
			isa = PBXGroup;
			children = (
				9D869BF4291CDC120095EEB9 /* Customers.Hosting */,
				9D869BF3291CDC120095EEB9 /* Products */,
				9D869C2D291CE0870095EEB9 /* Frameworks */,
			);
			sourceTree = "<group>";
		};
		9D869BF3291CDC120095EEB9 /* Products */ = {
			isa = PBXGroup;
			children = (
				9D869BF2291CDC120095EEB9 /* Customers_Hosting.framework */,
			);
			name = Products;
			sourceTree = "<group>";
		};
		9D869BF4291CDC120095EEB9 /* Customers.Hosting */ = {
			isa = PBXGroup;
			children = (
				9D869C3F291CE4030095EEB9 /* CustomerFactory.swift */,
				9D869BF5291CDC120095EEB9 /* Customers_Hosting.h */,
			);
			path = Customers.Hosting;
			sourceTree = "<group>";
		};
		9D869C2D291CE0870095EEB9 /* Frameworks */ = {
			isa = PBXGroup;
			children = (
				9D869C2E291CE0870095EEB9 /* Customers_Access.framework */,
				9D869C2F291CE0870095EEB9 /* Customers_Core.framework */,
				9D869C30291CE0870095EEB9 /* Hosting.framework */,
			);
			name = Frameworks;
			sourceTree = "<group>";
		};
/* End PBXGroup section */

/* Begin PBXHeadersBuildPhase section */
		9D869BED291CDC120095EEB9 /* Headers */ = {
			isa = PBXHeadersBuildPhase;
			buildActionMask = 2147483647;
			files = (
				9D869BF6291CDC120095EEB9 /* Customers_Hosting.h in Headers */,
			);
			runOnlyForDeploymentPostprocessing = 0;
		};
/* End PBXHeadersBuildPhase section */

/* Begin PBXNativeTarget section */
		9D869BF1291CDC120095EEB9 /* Customers.Hosting */ = {
			isa = PBXNativeTarget;
			buildConfigurationList = 9D869BF9291CDC120095EEB9 /* Build configuration list for PBXNativeTarget "Customers.Hosting" */;
			buildPhases = (
				9D869BED291CDC120095EEB9 /* Headers */,
				9D869BEE291CDC120095EEB9 /* Sources */,
				9D869BEF291CDC120095EEB9 /* Frameworks */,
				9D869BF0291CDC120095EEB9 /* Resources */,
				9D869C37291CE0870095EEB9 /* Embed Frameworks */,
			);
			buildRules = (
			);
			dependencies = (
			);
			name = Customers.Hosting;
			productName = Customers.Hosting;
			productReference = 9D869BF2291CDC120095EEB9 /* Customers_Hosting.framework */;
			productType = "com.apple.product-type.framework";
		};
/* End PBXNativeTarget section */

/* Begin PBXProject section */
		9D869BE9291CDC120095EEB9 /* Project object */ = {
			isa = PBXProject;
			attributes = {
				BuildIndependentTargetsInParallel = 1;
				LastUpgradeCheck = 1400;
				TargetAttributes = {
					9D869BF1291CDC120095EEB9 = {
						CreatedOnToolsVersion = 14.0;
						LastSwiftMigration = 1400;
					};
				};
			};
			buildConfigurationList = 9D869BEC291CDC120095EEB9 /* Build configuration list for PBXProject "Customers.Hosting" */;
			compatibilityVersion = "Xcode 14.0";
			developmentRegion = en;
			hasScannedForEncodings = 0;
			knownRegions = (
				en,
				Base,
			);
			mainGroup = 9D869BE8291CDC120095EEB9;
			productRefGroup = 9D869BF3291CDC120095EEB9 /* Products */;
			projectDirPath = "";
			projectRoot = "";
			targets = (
				9D869BF1291CDC120095EEB9 /* Customers.Hosting */,
			);
		};
/* End PBXProject section */

/* Begin PBXResourcesBuildPhase section */
		9D869BF0291CDC120095EEB9 /* Resources */ = {
			isa = PBXResourcesBuildPhase;
			buildActionMask = 2147483647;
			files = (
			);
			runOnlyForDeploymentPostprocessing = 0;
		};
/* End PBXResourcesBuildPhase section */

/* Begin PBXSourcesBuildPhase section */
		9D869BEE291CDC120095EEB9 /* Sources */ = {
			isa = PBXSourcesBuildPhase;
			buildActionMask = 2147483647;
			files = (
				9D869C40291CE4030095EEB9 /* CustomerFactory.swift in Sources */,
			);
			runOnlyForDeploymentPostprocessing = 0;
		};
/* End PBXSourcesBuildPhase section */

/* Begin XCBuildConfiguration section */
		9D869BF7291CDC120095EEB9 /* Debug */ = {
			isa = XCBuildConfiguration;
			buildSettings = {
				ALWAYS_SEARCH_USER_PATHS = NO;
				CLANG_ANALYZER_NONNULL = YES;
				CLANG_ANALYZER_NUMBER_OBJECT_CONVERSION = YES_AGGRESSIVE;
				CLANG_CXX_LANGUAGE_STANDARD = "gnu++20";
				CLANG_ENABLE_MODULES = YES;
				CLANG_ENABLE_OBJC_ARC = YES;
				CLANG_ENABLE_OBJC_WEAK = YES;
				CLANG_WARN_BLOCK_CAPTURE_AUTORELEASING = YES;
				CLANG_WARN_BOOL_CONVERSION = YES;
				CLANG_WARN_COMMA = YES;
				CLANG_WARN_CONSTANT_CONVERSION = YES;
				CLANG_WARN_DEPRECATED_OBJC_IMPLEMENTATIONS = YES;
				CLANG_WARN_DIRECT_OBJC_ISA_USAGE = YES_ERROR;
				CLANG_WARN_DOCUMENTATION_COMMENTS = YES;
				CLANG_WARN_EMPTY_BODY = YES;
				CLANG_WARN_ENUM_CONVERSION = YES;
				CLANG_WARN_INFINITE_RECURSION = YES;
				CLANG_WARN_INT_CONVERSION = YES;
				CLANG_WARN_NON_LITERAL_NULL_CONVERSION = YES;
				CLANG_WARN_OBJC_IMPLICIT_RETAIN_SELF = YES;
				CLANG_WARN_OBJC_LITERAL_CONVERSION = YES;
				CLANG_WARN_OBJC_ROOT_CLASS = YES_ERROR;
				CLANG_WARN_QUOTED_INCLUDE_IN_FRAMEWORK_HEADER = YES;
				CLANG_WARN_RANGE_LOOP_ANALYSIS = YES;
				CLANG_WARN_STRICT_PROTOTYPES = YES;
				CLANG_WARN_SUSPICIOUS_MOVE = YES;
				CLANG_WARN_UNGUARDED_AVAILABILITY = YES_AGGRESSIVE;
				CLANG_WARN_UNREACHABLE_CODE = YES;
				CLANG_WARN__DUPLICATE_METHOD_MATCH = YES;
				COPY_PHASE_STRIP = NO;
				CURRENT_PROJECT_VERSION = 1;
				DEBUG_INFORMATION_FORMAT = dwarf;
				ENABLE_STRICT_OBJC_MSGSEND = YES;
				ENABLE_TESTABILITY = YES;
				GCC_C_LANGUAGE_STANDARD = gnu11;
				GCC_DYNAMIC_NO_PIC = NO;
				GCC_NO_COMMON_BLOCKS = YES;
				GCC_OPTIMIZATION_LEVEL = 0;
				GCC_PREPROCESSOR_DEFINITIONS = (
					"DEBUG=1",
					"$(inherited)",
				);
				GCC_WARN_64_TO_32_BIT_CONVERSION = YES;
				GCC_WARN_ABOUT_RETURN_TYPE = YES_ERROR;
				GCC_WARN_UNDECLARED_SELECTOR = YES;
				GCC_WARN_UNINITIALIZED_AUTOS = YES_AGGRESSIVE;
				GCC_WARN_UNUSED_FUNCTION = YES;
				GCC_WARN_UNUSED_VARIABLE = YES;
				IPHONEOS_DEPLOYMENT_TARGET = 16.0;
				MTL_ENABLE_DEBUG_INFO = INCLUDE_SOURCE;
				MTL_FAST_MATH = YES;
				ONLY_ACTIVE_ARCH = YES;
				SDKROOT = iphoneos;
				SWIFT_ACTIVE_COMPILATION_CONDITIONS = DEBUG;
				SWIFT_OPTIMIZATION_LEVEL = "-Onone";
				VERSIONING_SYSTEM = "apple-generic";
				VERSION_INFO_PREFIX = "";
			};
			name = Debug;
		};
		9D869BF8291CDC120095EEB9 /* Release */ = {
			isa = XCBuildConfiguration;
			buildSettings = {
				ALWAYS_SEARCH_USER_PATHS = NO;
				CLANG_ANALYZER_NONNULL = YES;
				CLANG_ANALYZER_NUMBER_OBJECT_CONVERSION = YES_AGGRESSIVE;
				CLANG_CXX_LANGUAGE_STANDARD = "gnu++20";
				CLANG_ENABLE_MODULES = YES;
				CLANG_ENABLE_OBJC_ARC = YES;
				CLANG_ENABLE_OBJC_WEAK = YES;
				CLANG_WARN_BLOCK_CAPTURE_AUTORELEASING = YES;
				CLANG_WARN_BOOL_CONVERSION = YES;
				CLANG_WARN_COMMA = YES;
				CLANG_WARN_CONSTANT_CONVERSION = YES;
				CLANG_WARN_DEPRECATED_OBJC_IMPLEMENTATIONS = YES;
				CLANG_WARN_DIRECT_OBJC_ISA_USAGE = YES_ERROR;
				CLANG_WARN_DOCUMENTATION_COMMENTS = YES;
				CLANG_WARN_EMPTY_BODY = YES;
				CLANG_WARN_ENUM_CONVERSION = YES;
				CLANG_WARN_INFINITE_RECURSION = YES;
				CLANG_WARN_INT_CONVERSION = YES;
				CLANG_WARN_NON_LITERAL_NULL_CONVERSION = YES;
				CLANG_WARN_OBJC_IMPLICIT_RETAIN_SELF = YES;
				CLANG_WARN_OBJC_LITERAL_CONVERSION = YES;
				CLANG_WARN_OBJC_ROOT_CLASS = YES_ERROR;
				CLANG_WARN_QUOTED_INCLUDE_IN_FRAMEWORK_HEADER = YES;
				CLANG_WARN_RANGE_LOOP_ANALYSIS = YES;
				CLANG_WARN_STRICT_PROTOTYPES = YES;
				CLANG_WARN_SUSPICIOUS_MOVE = YES;
				CLANG_WARN_UNGUARDED_AVAILABILITY = YES_AGGRESSIVE;
				CLANG_WARN_UNREACHABLE_CODE = YES;
				CLANG_WARN__DUPLICATE_METHOD_MATCH = YES;
				COPY_PHASE_STRIP = NO;
				CURRENT_PROJECT_VERSION = 1;
				DEBUG_INFORMATION_FORMAT = "dwarf-with-dsym";
				ENABLE_NS_ASSERTIONS = NO;
				ENABLE_STRICT_OBJC_MSGSEND = YES;
				GCC_C_LANGUAGE_STANDARD = gnu11;
				GCC_NO_COMMON_BLOCKS = YES;
				GCC_WARN_64_TO_32_BIT_CONVERSION = YES;
				GCC_WARN_ABOUT_RETURN_TYPE = YES_ERROR;
				GCC_WARN_UNDECLARED_SELECTOR = YES;
				GCC_WARN_UNINITIALIZED_AUTOS = YES_AGGRESSIVE;
				GCC_WARN_UNUSED_FUNCTION = YES;
				GCC_WARN_UNUSED_VARIABLE = YES;
				IPHONEOS_DEPLOYMENT_TARGET = 16.0;
				MTL_ENABLE_DEBUG_INFO = NO;
				MTL_FAST_MATH = YES;
				SDKROOT = iphoneos;
				SWIFT_COMPILATION_MODE = wholemodule;
				SWIFT_OPTIMIZATION_LEVEL = "-O";
				VALIDATE_PRODUCT = YES;
				VERSIONING_SYSTEM = "apple-generic";
				VERSION_INFO_PREFIX = "";
			};
			name = Release;
		};
		9D869BFA291CDC120095EEB9 /* Debug */ = {
			isa = XCBuildConfiguration;
			buildSettings = {
				CLANG_ENABLE_MODULES = YES;
				CODE_SIGN_STYLE = Automatic;
				CURRENT_PROJECT_VERSION = 1;
				DEFINES_MODULE = YES;
				DEVELOPMENT_TEAM = DZJDGXKN9N;
				DYLIB_COMPATIBILITY_VERSION = 1;
				DYLIB_CURRENT_VERSION = 1;
				DYLIB_INSTALL_NAME_BASE = "@rpath";
				GENERATE_INFOPLIST_FILE = YES;
				INFOPLIST_KEY_NSHumanReadableCopyright = "";
				INSTALL_PATH = "$(LOCAL_LIBRARY_DIR)/Frameworks";
				LD_RUNPATH_SEARCH_PATHS = (
					"$(inherited)",
					"@executable_path/Frameworks",
					"@loader_path/Frameworks",
				);
				MARKETING_VERSION = 1.0;
				PRODUCT_BUNDLE_IDENTIFIER = "com.irvinghuang.Customers-Hosting";
				PRODUCT_NAME = "$(TARGET_NAME:c99extidentifier)";
				SKIP_INSTALL = YES;
				SWIFT_EMIT_LOC_STRINGS = YES;
				SWIFT_OPTIMIZATION_LEVEL = "-Onone";
				SWIFT_VERSION = 5.0;
				TARGETED_DEVICE_FAMILY = "1,2";
			};
			name = Debug;
		};
		9D869BFB291CDC120095EEB9 /* Release */ = {
			isa = XCBuildConfiguration;
			buildSettings = {
				CLANG_ENABLE_MODULES = YES;
				CODE_SIGN_STYLE = Automatic;
				CURRENT_PROJECT_VERSION = 1;
				DEFINES_MODULE = YES;
				DEVELOPMENT_TEAM = DZJDGXKN9N;
				DYLIB_COMPATIBILITY_VERSION = 1;
				DYLIB_CURRENT_VERSION = 1;
				DYLIB_INSTALL_NAME_BASE = "@rpath";
				GENERATE_INFOPLIST_FILE = YES;
				INFOPLIST_KEY_NSHumanReadableCopyright = "";
				INSTALL_PATH = "$(LOCAL_LIBRARY_DIR)/Frameworks";
				LD_RUNPATH_SEARCH_PATHS = (
					"$(inherited)",
					"@executable_path/Frameworks",
					"@loader_path/Frameworks",
				);
				MARKETING_VERSION = 1.0;
				PRODUCT_BUNDLE_IDENTIFIER = "com.irvinghuang.Customers-Hosting";
				PRODUCT_NAME = "$(TARGET_NAME:c99extidentifier)";
				SKIP_INSTALL = YES;
				SWIFT_EMIT_LOC_STRINGS = YES;
				SWIFT_VERSION = 5.0;
				TARGETED_DEVICE_FAMILY = "1,2";
			};
			name = Release;
		};
/* End XCBuildConfiguration section */

/* Begin XCConfigurationList section */
		9D869BEC291CDC120095EEB9 /* Build configuration list for PBXProject "Customers.Hosting" */ = {
			isa = XCConfigurationList;
			buildConfigurations = (
				9D869BF7291CDC120095EEB9 /* Debug */,
				9D869BF8291CDC120095EEB9 /* Release */,
			);
			defaultConfigurationIsVisible = 0;
			defaultConfigurationName = Release;
		};
		9D869BF9291CDC120095EEB9 /* Build configuration list for PBXNativeTarget "Customers.Hosting" */ = {
			isa = XCConfigurationList;
			buildConfigurations = (
				9D869BFA291CDC120095EEB9 /* Debug */,
				9D869BFB291CDC120095EEB9 /* Release */,
			);
			defaultConfigurationIsVisible = 0;
			defaultConfigurationName = Release;
		};
/* End XCConfigurationList section */
	};
	rootObject = 9D869BE9291CDC120095EEB9 /* Project object */;
}
